
Microsoft Visual Studio Solution File, Format Version 12.00
# Visual Studio Version 17
VisualStudioVersion = 17.3.32929.385
MinimumVisualStudioVersion = 10.0.40219.1
Project("{8BC9CEB8-8B4A-11D0-8D11-00A0C91BC942}") = "WindowsProjectDirectX9", "WindowsProjectDirectX9\WindowsProjectDirectX9.vcxproj", "{BDA2B829-9A82-44F3-9EB4-BF2E0A36706B}"
EndProject
Global
	GlobalSection(SolutionConfigurationPlatforms) = preSolution
		Debug|x64 = Debug|x64
		Debug|x86 = Debug|x86
		Release|x64 = Release|x64
		Release|x86 = Release|x86
	EndGlobalSection
	GlobalSection(ProjectConfigurationPlatforms) = postSolution
		{BDA2B829-9A82-44F3-9EB4-BF2E0A36706B}.Debug|x64.ActiveCfg = Debug|x64
		{BDA2B829-9A82-44F3-9EB4-BF2E0A36706B}.Debug|x64.Build.0 = Debug|x64
		{BDA2B829-9A82-44F3-9EB4-BF2E0A36706B}.Debug|x86.ActiveCfg = Debug|Win32
		{BDA2B829-9A82-44F3-9EB4-BF2E0A36706B}.Debug|x86.Build.0 = Debug|Win32
		{BDA2B829-9A82-44F3-9EB4-BF2E0A36706B}.Release|x64.ActiveCfg = Release|x64
		{BDA2B829-9A82-44F3-9EB4-BF2E0A36706B}.Release|x64.Build.0 = Release|x64
		{BDA2B829-9A82-44F3-9EB4-BF2E0A36706B}.Release|x86.ActiveCfg = Release|Win32
		{BDA2B829-9A82-44F3-9EB4-BF2E0A36706B}.Release|x86.Build.0 = Release|Win32
	EndGlobalSection
	GlobalSection(SolutionProperties) = preSolution
		HideSolutionNode = FALSE
	EndGlobalSection
	GlobalSection(ExtensibilityGlobals) = postSolution
		SolutionGuid = {099EFE3D-10EF-4815-9374-3321836ABA2B}
	EndGlobalSection
EndGlobal
